
Microsoft Visual Studio Solution File, Format Version 12.00
# Visual Studio 12
VisualStudioVersion = 14.0.25420.1
MinimumVisualStudioVersion = 10.0.40219.1
Project("{FAE04EC0-301F-11D3-BF4B-00C04F79EFBC}") = "DatabaseProject", "DatabaseProject\DatabaseProject.csproj", "{CCA14E50-9701-4D49-835C-B025256274F2}"
EndProject
Global
	GlobalSection(SolutionConfigurationPlatforms) = preSolution
		Debug|Any CPU = Debug|Any CPU
		Release|Any CPU = Release|Any CPU
	EndGlobalSection
	GlobalSection(ProjectConfigurationPlatforms) = postSolution
		{CCA14E50-9701-4D49-835C-B025256274F2}.Debug|Any CPU.ActiveCfg = Debug|Any CPU
		{CCA14E50-9701-4D49-835C-B025256274F2}.Debug|Any CPU.Build.0 = Debug|Any CPU
		{CCA14E50-9701-4D49-835C-B025256274F2}.Release|Any CPU.ActiveCfg = Release|Any CPU
		{CCA14E50-9701-4D49-835C-B025256274F2}.Release|Any CPU.Build.0 = Release|Any CPU
	EndGlobalSection
	GlobalSection(SolutionProperties) = preSolution
		HideSolutionNode = FALSE
	EndGlobalSection
EndGlobal
